lockfileVersion: '6.0'

dependencies:
  '@prisma/client':
    specifier: 4.14.0
    version: 4.14.0

packages:

  /@prisma/client@4.14.0:
    resolution: {integrity: sha512-MK/XaA2sFdfaOa7I9MjNKz6dxeIEdeZlnpNRoF2w3JuRLlFJLkpp6cD3yaqw2nUUhbrn3Iqe3ZpVV+VuGGil7Q==}
    engines: {node: '>=14.17'}
    requiresBuild: true
    peerDependencies:
      prisma: '*'
    peerDependenciesMeta:
      prisma:
        optional: true
    dependencies:
      '@prisma/engines-version': 4.14.0-67.d9a4c5988f480fa576d43970d5a23641aa77bc9c
    dev: false

  /@prisma/engines-version@4.14.0-67.d9a4c5988f480fa576d43970d5a23641aa77bc9c:
    resolution: {integrity: sha512-3jum8/YSudeSN0zGW5qkpz+wAN2V/NYCQ+BPjvHYDfWatLWlQkqy99toX0GysDeaUoBIJg1vaz2yKqiA3CFcQw==}
    dev: false
